
Microsoft Visual Studio Solution File, Format Version 12.00
# Visual Studio Version 17
VisualStudioVersion = 17.8.34316.72
MinimumVisualStudioVersion = 10.0.40219.1
Project("{FAE04EC0-301F-11D3-BF4B-00C04F79EFBC}") = "Web_API_ReactJS", "Web_API_ReactJS.csproj", "{783D279D-E8D8-431E-82E9-9895A49F8993}"
EndProject
Global
	GlobalSection(SolutionConfigurationPlatforms) = preSolution
		Debug|Any CPU = Debug|Any CPU
		Release|Any CPU = Release|Any CPU
	EndGlobalSection
	GlobalSection(ProjectConfigurationPlatforms) = postSolution
		{783D279D-E8D8-431E-82E9-9895A49F8993}.Debug|Any CPU.ActiveCfg = Debug|Any CPU
		{783D279D-E8D8-431E-82E9-9895A49F8993}.Debug|Any CPU.Build.0 = Debug|Any CPU
		{783D279D-E8D8-431E-82E9-9895A49F8993}.Release|Any CPU.ActiveCfg = Release|Any CPU
		{783D279D-E8D8-431E-82E9-9895A49F8993}.Release|Any CPU.Build.0 = Release|Any CPU
	EndGlobalSection
	GlobalSection(SolutionProperties) = preSolution
		HideSolutionNode = FALSE
	EndGlobalSection
	GlobalSection(ExtensibilityGlobals) = postSolution
		SolutionGuid = {E3046285-CE7F-472A-9301-10C8842D07AF}
	EndGlobalSection
EndGlobal
